
Microsoft Visual Studio Solution File, Format Version 12.00
# Visual Studio Version 17
VisualStudioVersion = 17.0.31903.59
MinimumVisualStudioVersion = 10.0.40219.1
Project("{FAE04EC0-301F-11D3-BF4B-00C04F79EFBC}") = "mvc", "MVC\mvc.csproj", "{FD49463E-DADD-46D0-BAD3-F702143B77D3}"
EndProject
Project("{FAE04EC0-301F-11D3-BF4B-00C04F79EFBC}") = "MyTests", "MyTests\MyTests.csproj", "{F37F96E8-9697-49F4-A0B1-1D6A26C58732}"
EndProject
Global
	GlobalSection(SolutionConfigurationPlatforms) = preSolution
		Debug|Any CPU = Debug|Any CPU
		Release|Any CPU = Release|Any CPU
	EndGlobalSection
	GlobalSection(SolutionProperties) = preSolution
		HideSolutionNode = FALSE
	EndGlobalSection
	GlobalSection(ProjectConfigurationPlatforms) = postSolution
		{FD49463E-DADD-46D0-BAD3-F702143B77D3}.Debug|Any CPU.ActiveCfg = Debug|Any CPU
		{FD49463E-DADD-46D0-BAD3-F702143B77D3}.Debug|Any CPU.Build.0 = Debug|Any CPU
		{FD49463E-DADD-46D0-BAD3-F702143B77D3}.Release|Any CPU.ActiveCfg = Release|Any CPU
		{FD49463E-DADD-46D0-BAD3-F702143B77D3}.Release|Any CPU.Build.0 = Release|Any CPU
		{F37F96E8-9697-49F4-A0B1-1D6A26C58732}.Debug|Any CPU.ActiveCfg = Debug|Any CPU
		{F37F96E8-9697-49F4-A0B1-1D6A26C58732}.Debug|Any CPU.Build.0 = Debug|Any CPU
		{F37F96E8-9697-49F4-A0B1-1D6A26C58732}.Release|Any CPU.ActiveCfg = Release|Any CPU
		{F37F96E8-9697-49F4-A0B1-1D6A26C58732}.Release|Any CPU.Build.0 = Release|Any CPU
	EndGlobalSection
EndGlobal
